
Microsoft Visual Studio Solution File, Format Version 12.00
# Visual Studio Version 16
VisualStudioVersion = 16.0.31112.23
MinimumVisualStudioVersion = 10.0.40219.1
Project("{FAE04EC0-301F-11D3-BF4B-00C04F79EFBC}") = "WebApi", "WebApi\WebApi.csproj", "{202A0AAF-0D8C-4719-B818-75BD19F538A5}"
EndProject
Project("{FAE04EC0-301F-11D3-BF4B-00C04F79EFBC}") = "IntegrationTest", "IntegrationTest\IntegrationTest.csproj", "{B36AB7F3-00E4-4D4C-BAE3-6E2EA7AD7675}"
EndProject
Global
	GlobalSection(SolutionConfigurationPlatforms) = preSolution
		Debug|Any CPU = Debug|Any CPU
		Release|Any CPU = Release|Any CPU
	EndGlobalSection
	GlobalSection(ProjectConfigurationPlatforms) = postSolution
		{202A0AAF-0D8C-4719-B818-75BD19F538A5}.Debug|Any CPU.ActiveCfg = Debug|Any CPU
		{202A0AAF-0D8C-4719-B818-75BD19F538A5}.Debug|Any CPU.Build.0 = Debug|Any CPU
		{202A0AAF-0D8C-4719-B818-75BD19F538A5}.Release|Any CPU.ActiveCfg = Release|Any CPU
		{202A0AAF-0D8C-4719-B818-75BD19F538A5}.Release|Any CPU.Build.0 = Release|Any CPU
		{B36AB7F3-00E4-4D4C-BAE3-6E2EA7AD7675}.Debug|Any CPU.ActiveCfg = Debug|Any CPU
		{B36AB7F3-00E4-4D4C-BAE3-6E2EA7AD7675}.Debug|Any CPU.Build.0 = Debug|Any CPU
		{B36AB7F3-00E4-4D4C-BAE3-6E2EA7AD7675}.Release|Any CPU.ActiveCfg = Release|Any CPU
		{B36AB7F3-00E4-4D4C-BAE3-6E2EA7AD7675}.Release|Any CPU.Build.0 = Release|Any CPU
	EndGlobalSection
	GlobalSection(SolutionProperties) = preSolution
		HideSolutionNode = FALSE
	EndGlobalSection
	GlobalSection(ExtensibilityGlobals) = postSolution
		SolutionGuid = {9608AE66-5D49-4EEE-92F2-98FAD829CD73}
	EndGlobalSection
EndGlobal
